lockfileVersion: '9.0'

settings:
  autoInstallPeers: true
  excludeLinksFromLockfile: false

importers:

  .:
    dependencies:
      '@ledgerhq/device-management-kit':
        specifier: ^1.8.0
        version: 1.8.0(rxjs@7.8.2)
      '@ledgerhq/device-transport-kit-node-hid':
        specifier: ^1.0.1
        version: 1.0.1(@ledgerhq/device-management-kit@1.8.0(rxjs@7.8.2))(rxjs@7.8.2)

packages:

  '@inversifyjs/common@1.5.0':
    resolution: {integrity: sha512-Qj5BELk11AfI2rgZEAaLPmOftmQRLLmoCXgAjmaF0IngQN5vHomVT5ML7DZ3+CA5fgGcEVMcGbUDAun+Rz+oNg==}

  '@inversifyjs/container@1.9.1':
    resolution: {integrity: sha512-8EhjFoAx1LoD7TpCuP9ptitwc+7kVXEpZB0IeoEsCQb9sWaNYYaBi+7Lommu3/1nYxdMbX2t7AJhQnryT1EEsg==}
    peerDependencies:
      reflect-metadata: ~0.2.2

  '@inversifyjs/core@5.2.0':
    resolution: {integrity: sha512-MMaHGGRjQWT9uAof63sbZyEhRl4XptEAE17DJwrgUcN9LsdIEvecKP3r53pE9VF88PFR41knUKKzagUBvWLHmw==}

  '@inversifyjs/prototype-utils@0.1.0':
    resolution: {integrity: sha512-lNz1yyajMRDXBHLvJsYYX81FcmeD15e5Qz1zAZ/3zeYTl+u7ZF/GxNRKJzNOloeMPMtuR8BnvzHA1SZxjR+J9w==}

  '@inversifyjs/reflect-metadata-utils@1.1.0':
    resolution: {integrity: sha512-jmuAuC3eL1GnFAYfJGJOMKRDL9q1mgzOyrban6zxfM8Yg1FUHsj25h27bW2G7p8X1Amvhg3MLkaOuogszkrofA==}
    peerDependencies:
      reflect-metadata: 0.2.2

  '@ledgerhq/device-management-kit@1.8.0':
    resolution: {integrity: sha512-yRYt4a0/tuYjoYDePBMlhCm3Bej0F/TiVu09Hl5fjO4f64Q6jbI2/YthzRWrgP7CEs93EgN7hxJ0WSErtzvEwA==}
    peerDependencies:
      rxjs: 7.8.2

  '@ledgerhq/device-transport-kit-node-hid@1.0.1':
    resolution: {integrity: sha512-OALVGVP9eOBaHMqUDlGOrbpsygYawF4Eh/qq8zSEhfeECsxWpmYmKjgm0nJzhiTSIEa/U2inQVbGk2oY5HSHdQ==}
    peerDependencies:
      '@ledgerhq/device-management-kit': ^1.2.0
      rxjs: 7.8.2

  '@noble/hashes@1.8.0':
    resolution: {integrity: sha512-jCs9ldd7NwzpgXDIf6P3+NrHh9/sD6CQdxHyjQI+h/6rDNo88ypBxxz45UDuZHz9r3tNz7N/VInSVoVdtXEI4A==}
    engines: {node: ^14.21.3 || >=16}

  '@sentry/hub@6.19.7':
    resolution: {integrity: sha512-y3OtbYFAqKHCWezF0EGGr5lcyI2KbaXW2Ik7Xp8Mu9TxbSTuwTe4rTntwg8ngPjUQU3SUHzgjqVB8qjiGqFXCA==}
    engines: {node: '>=6'}

  '@sentry/minimal@6.19.7':
    resolution: {integrity: sha512-wcYmSJOdvk6VAPx8IcmZgN08XTXRwRtB1aOLZm+MVHjIZIhHoBGZJYTVQS/BWjldsamj2cX3YGbGXNunaCfYJQ==}
    engines: {node: '>=6'}

  '@sentry/types@6.19.7':
    resolution: {integrity: sha512-jH84pDYE+hHIbVnab3Hr+ZXr1v8QABfhx39KknxqKWr2l0oEItzepV0URvbEhB446lk/S/59230dlUUIBGsXbg==}
    engines: {node: '>=6'}

  '@sentry/utils@6.19.7':
    resolution: {integrity: sha512-z95ECmE3i9pbWoXQrD/7PgkBAzJYR+iXtPuTkpBjDKs86O3mT+PXOT3BAn79w2wkn7/i3vOGD2xVr1uiMl26dA==}
    engines: {node: '>=6'}

  '@types/json-schema@7.0.15':
    resolution: {integrity: sha512-5+fP8P8MFNC+AyZCDxrB2pkZFPGzqQWUzpSeuuVLvm8VMcorNYavBqoFcxK8bQz4Qsbn4oUEEem4wDLfcysGHA==}

  '@types/w3c-web-usb@1.0.14':
    resolution: {integrity: sha512-Qu3Nn6JFuF4+sHKYl+IcX9vYiI40ogleXzFFSxoE1W94rG98o/kXs8uJ0QSfFzuwBCZWlGfUGpPkgwuuX4PchA==}

  inversify@7.5.1:
    resolution: {integrity: sha512-oWWFDU2BXiuqZynGcLDDD4tqiWAeaEUCALlCj0vk/QwHGgZY/tzDFPuTmWMY3jwRmDIHxVDkcj9SL3MFTlCEDw==}
    peerDependencies:
      reflect-metadata: ~0.2.2

  isomorphic-ws@5.0.0:
    resolution: {integrity: sha512-muId7Zzn9ywDsyXgTIafTry2sV3nySZeUDe6YedVd1Hvuuep5AsIlqK+XefWpYTyJG5e503F2xIuT2lcU6rCSw==}
    peerDependencies:
      ws: '*'

  node-addon-api@8.9.2:
    resolution: {integrity: sha512-VijLXbi3UACN69I0JVXJsX4tjACjNoQDgv2gTF6sx2wWEi8tkSg2eX8p5gSIFi8z2+DL3oHmY6OyKce38SDolg==}
    engines: {node: ^18 || ^20 || >= 21}

  node-gyp-build@4.8.4:
    resolution: {integrity: sha512-LA4ZjwlnUblHVgq0oBF3Jl/6h/Nvs5fzBLwdEF4nuxnFdsfajde4WfxtJr3CaiH+F6ewcIB/q4jQ4UzPyid+CQ==}
    hasBin: true

  node-hid@3.4.0:
    resolution: {integrity: sha512-Br7EO3bJARAJBdtcsGzF/Vs5TjfbkaMdglqLQ+Rk9GOGgVqv5DxYUVH5znLerJU+OfBWw8sd552Ujcprz1bG9g==}
    engines: {node: '>=10.16'}
    hasBin: true

  pkg-prebuilds@1.1.0:
    resolution: {integrity: sha512-jyai+KTQ2OwbN6iRYw88XbYOMgtpoSYJpjYebx7d9ihqz3txNi3ucsBt3va0iVWe6svSlaqpijMHFF/eJCMZzg==}
    engines: {node: '>= 14.15.0'}
    hasBin: true

  purify-ts@2.1.0:
    resolution: {integrity: sha512-+KNUHV9FxB9BbjadFdvxa+LNJIaqZmSF7CQH5Rv6+f0rBzsxm9FEqrvkALQbWYJobAja2ZCbBDUY7O4fH2znMA==}

  reflect-metadata@0.2.2:
    resolution: {integrity: sha512-urBwgfrvVP/eAyXx4hluJivBKzuEbSQs9rKWCrCkbSxNv8mxPcUZKeuoF3Uy4mJl3Lwprp6yy5/39VWigZ4K6Q==}

  rxjs@7.8.2:
    resolution: {integrity: sha512-dhKf903U/PQZY6boNNtAGdWbG85WAbjT/1xYoZIC7FAY0yWapOBQVsVrDl58W86//e1VpMNBtRV4MaXfdMySFA==}

  semver@7.7.2:
    resolution: {integrity: sha512-RF0Fw+rO5AMf9MAyaRXI4AV0Ulj5lMHqVxxdSgiVbixSCXoEmmX/jk0CuJw4+3SqroYO9VoUh+HcuJivvtJemA==}
    engines: {node: '>=10'}
    hasBin: true

  tslib@1.14.1:
    resolution: {integrity: sha512-Xni35NKzjgMrwevysHTCArtLDpPvye8zV/0E4EyYn43P7/7qvQwPh9BGkHewbMulVntbigmcT7rdX3BNo9wRJg==}

  tslib@2.8.1:
    resolution: {integrity: sha512-oJFu94HQb+KVduSUQL7wnpmqnfmLsOA/nAh6b6EH0wCEoK0/mPeXU6c3wKDV83MkOuHPRHtSXKKU99IBazS/2w==}

  usb@2.18.0:
    resolution: {integrity: sha512-klAJPUTaSxRvTgrIh7om6UTrgRxdzioD+rJc/MaoiN8+OGdqRzai39tR00asnoCesPNikItWB9zBZoo0pJsWaA==}
    engines: {node: '>=12.22.0 <13.0 || >=14.17.0'}

  uuid@11.0.3:
    resolution: {integrity: sha512-d0z310fCWv5dJwnX1Y/MncBAqGMKEzlBb1AOf7z9K8ALnd0utBX/msg/fA0+sbyN1ihbMsLhrBlnl1ak7Wa0rg==}
    hasBin: true

  ws@8.21.3:
    resolution: {integrity: sha512-201TZ/kPWxoPr/OKWjquZR1SWKXcvxdH+e1xrx89b3YbmzLMFCLfnaG1HFIgWzJOEWZ7MvpK++odZufgYR50Rw==}
    engines: {node: '>=10.0.0'}
    peerDependencies:
      bufferutil: ^4.0.1
      utf-8-validate: '>=5.0.2'
    peerDependenciesMeta:
      bufferutil:
        optional: true
      utf-8-validate:
        optional: true

  xstate@5.19.2:
    resolution: {integrity: sha512-B8fL2aP0ogn5aviAXFzI5oZseAMqN00fg/TeDa3ZtatyDcViYLIfuQl4y8qmHCiKZgGEzmnTyNtNQL9oeJE2gw==}

snapshots:

  '@inversifyjs/common@1.5.0': {}

  '@inversifyjs/container@1.9.1(reflect-metadata@0.2.2)':
    dependencies:
      '@inversifyjs/common': 1.5.0
      '@inversifyjs/core': 5.2.0(reflect-metadata@0.2.2)
      '@inversifyjs/reflect-metadata-utils': 1.1.0(reflect-metadata@0.2.2)
      reflect-metadata: 0.2.2

  '@inversifyjs/core@5.2.0(reflect-metadata@0.2.2)':
    dependencies:
      '@inversifyjs/common': 1.5.0
      '@inversifyjs/prototype-utils': 0.1.0
      '@inversifyjs/reflect-metadata-utils': 1.1.0(reflect-metadata@0.2.2)
    transitivePeerDependencies:
      - reflect-metadata

  '@inversifyjs/prototype-utils@0.1.0':
    dependencies:
      '@inversifyjs/common': 1.5.0

  '@inversifyjs/reflect-metadata-utils@1.1.0(reflect-metadata@0.2.2)':
    dependencies:
      reflect-metadata: 0.2.2

  '@ledgerhq/device-management-kit@1.8.0(rxjs@7.8.2)':
    dependencies:
      '@noble/hashes': 1.8.0
      '@sentry/minimal': 6.19.7
      inversify: 7.5.1(reflect-metadata@0.2.2)
      isomorphic-ws: 5.0.0(ws@8.21.3)
      purify-ts: 2.1.0
      reflect-metadata: 0.2.2
      rxjs: 7.8.2
      semver: 7.7.2
      uuid: 11.0.3
      ws: 8.21.3
      xstate: 5.19.2
    transitivePeerDependencies:
      - bufferutil
      - utf-8-validate

  '@ledgerhq/device-transport-kit-node-hid@1.0.1(@ledgerhq/device-management-kit@1.8.0(rxjs@7.8.2))(rxjs@7.8.2)':
    dependencies:
      '@ledgerhq/device-management-kit': 1.8.0(rxjs@7.8.2)
      node-hid: 3.4.0
      purify-ts: 2.1.0
      rxjs: 7.8.2
      usb: 2.18.0
      uuid: 11.0.3

  '@noble/hashes@1.8.0': {}

  '@sentry/hub@6.19.7':
    dependencies:
      '@sentry/types': 6.19.7
      '@sentry/utils': 6.19.7
      tslib: 1.14.1

  '@sentry/minimal@6.19.7':
    dependencies:
      '@sentry/hub': 6.19.7
      '@sentry/types': 6.19.7
      tslib: 1.14.1

  '@sentry/types@6.19.7': {}

  '@sentry/utils@6.19.7':
    dependencies:
      '@sentry/types': 6.19.7
      tslib: 1.14.1

  '@types/json-schema@7.0.15': {}

  '@types/w3c-web-usb@1.0.14': {}

  inversify@7.5.1(reflect-metadata@0.2.2):
    dependencies:
      '@inversifyjs/common': 1.5.0
      '@inversifyjs/container': 1.9.1(reflect-metadata@0.2.2)
      '@inversifyjs/core': 5.2.0(reflect-metadata@0.2.2)
      reflect-metadata: 0.2.2

  isomorphic-ws@5.0.0(ws@8.21.3):
    dependencies:
      ws: 8.21.3

  node-addon-api@8.9.2: {}

  node-gyp-build@4.8.4: {}

  node-hid@3.4.0:
    dependencies:
      node-addon-api: 8.9.2
      pkg-prebuilds: 1.1.0

  pkg-prebuilds@1.1.0: {}

  purify-ts@2.1.0:
    dependencies:
      '@types/json-schema': 7.0.15

  reflect-metadata@0.2.2: {}

  rxjs@7.8.2:
    dependencies:
      tslib: 2.8.1

  semver@7.7.2: {}

  tslib@1.14.1: {}

  tslib@2.8.1: {}

  usb@2.18.0:
    dependencies:
      '@types/w3c-web-usb': 1.0.14
      node-addon-api: 8.9.2
      node-gyp-build: 4.8.4

  uuid@11.0.3: {}

  ws@8.21.3: {}

  xstate@5.19.2: {}
